
Microsoft Visual Studio Solution File, Format Version 12.00
# Visual Studio 15
VisualStudioVersion = 15.0.27703.2026
MinimumVisualStudioVersion = 10.0.40219.1
Project("{FAE04EC0-301F-11D3-BF4B-00C04F79EFBC}") = "Chinook", "Chinook\Chinook.csproj", "{9B4E5004-20CF-4C27-8B5B-B07A398D810A}"
EndProject
Project("{FAE04EC0-301F-11D3-BF4B-00C04F79EFBC}") = "ChinookBackend", "ChinookBackend\ChinookBackend.csproj", "{33211D79-2F01-4DD7-99BB-4468216D7103}"
EndProject
Global
	GlobalSection(SolutionConfigurationPlatforms) = preSolution
		Debug|Any CPU = Debug|Any CPU
		Release|Any CPU = Release|Any CPU
	EndGlobalSection
	GlobalSection(ProjectConfigurationPlatforms) = postSolution
		{9B4E5004-20CF-4C27-8B5B-B07A398D810A}.Debug|Any CPU.ActiveCfg = Debug|Any CPU
		{9B4E5004-20CF-4C27-8B5B-B07A398D810A}.Debug|Any CPU.Build.0 = Debug|Any CPU
		{9B4E5004-20CF-4C27-8B5B-B07A398D810A}.Release|Any CPU.ActiveCfg = Release|Any CPU
		{9B4E5004-20CF-4C27-8B5B-B07A398D810A}.Release|Any CPU.Build.0 = Release|Any CPU
		{33211D79-2F01-4DD7-99BB-4468216D7103}.Debug|Any CPU.ActiveCfg = Debug|Any CPU
		{33211D79-2F01-4DD7-99BB-4468216D7103}.Debug|Any CPU.Build.0 = Debug|Any CPU
		{33211D79-2F01-4DD7-99BB-4468216D7103}.Release|Any CPU.ActiveCfg = Release|Any CPU
		{33211D79-2F01-4DD7-99BB-4468216D7103}.Release|Any CPU.Build.0 = Release|Any CPU
	EndGlobalSection
	GlobalSection(SolutionProperties) = preSolution
		HideSolutionNode = FALSE
	EndGlobalSection
	GlobalSection(ExtensibilityGlobals) = postSolution
		SolutionGuid = {19D1B97C-49CA-468F-98F0-C3400C5A2FB8}
	EndGlobalSection
EndGlobal
